
Microsoft Visual Studio Solution File, Format Version 12.00
# Visual Studio Version 16
VisualStudioVersion = 16.0.31205.134
MinimumVisualStudioVersion = 10.0.40219.1
Project("{9A19103F-16F7-4668-BE54-9A1E7A4F7556}") = "Ludo_API", "Ludo_API\Ludo_API.csproj", "{A05B4548-93B2-4D42-B0E5-CC1AC28BBBAA}"
EndProject
Project("{E53339B2-1760-4266-BCC7-CA923CBCF16C}") = "docker-compose", "docker-compose.dcproj", "{3B6D1271-128E-45D9-9F58-2E117B801800}"
EndProject
Global
	GlobalSection(SolutionConfigurationPlatforms) = preSolution
		Debug|Any CPU = Debug|Any CPU
		Release|Any CPU = Release|Any CPU
	EndGlobalSection
	GlobalSection(ProjectConfigurationPlatforms) = postSolution
		{A05B4548-93B2-4D42-B0E5-CC1AC28BBBAA}.Debug|Any CPU.ActiveCfg = Debug|Any CPU
		{A05B4548-93B2-4D42-B0E5-CC1AC28BBBAA}.Debug|Any CPU.Build.0 = Debug|Any CPU
		{A05B4548-93B2-4D42-B0E5-CC1AC28BBBAA}.Release|Any CPU.ActiveCfg = Release|Any CPU
		{A05B4548-93B2-4D42-B0E5-CC1AC28BBBAA}.Release|Any CPU.Build.0 = Release|Any CPU
		{3B6D1271-128E-45D9-9F58-2E117B801800}.Debug|Any CPU.ActiveCfg = Debug|Any CPU
		{3B6D1271-128E-45D9-9F58-2E117B801800}.Debug|Any CPU.Build.0 = Debug|Any CPU
		{3B6D1271-128E-45D9-9F58-2E117B801800}.Release|Any CPU.ActiveCfg = Release|Any CPU
		{3B6D1271-128E-45D9-9F58-2E117B801800}.Release|Any CPU.Build.0 = Release|Any CPU
	EndGlobalSection
	GlobalSection(SolutionProperties) = preSolution
		HideSolutionNode = FALSE
	EndGlobalSection
	GlobalSection(ExtensibilityGlobals) = postSolution
		SolutionGuid = {C4464EB0-C110-4B09-8FB9-05F4A2DD4468}
	EndGlobalSection
EndGlobal
